
Microsoft Visual Studio Solution File, Format Version 12.00
# Visual Studio Version 17
VisualStudioVersion = 17.2.32317.152
MinimumVisualStudioVersion = 10.0.40219.1
Project("{D954291E-2A0B-460D-934E-DC6B0785DB48}") = "Uno.Gallery.Shared", "Uno.Gallery\Uno.Gallery.Shared\Uno.Gallery.Shared.shproj", "{6279C845-92F8-4333-AB99-3D213163593C}"
EndProject
Project("{FAE04EC0-301F-11D3-BF4B-00C04F79EFBC}") = "Uno.Gallery.Droid", "Uno.Gallery\Uno.Gallery.Droid\Uno.Gallery.Droid.csproj", "{41AA73D1-1930-4BF2-9154-7BE5F6974333}"
EndProject
Project("{FAE04EC0-301F-11D3-BF4B-00C04F79EFBC}") = "Uno.Gallery.iOS", "Uno.Gallery\Uno.Gallery.iOS\Uno.Gallery.iOS.csproj", "{EF1962DD-F6FF-46A1-B846-BE4A1FFDE32B}"
EndProject
Project("{FAE04EC0-301F-11D3-BF4B-00C04F79EFBC}") = "Uno.Gallery.UWP", "Uno.Gallery\Uno.Gallery.UWP\Uno.Gallery.UWP.csproj", "{B4470685-43A9-4CBD-88C8-C16675042D53}"
EndProject
Project("{9A19103F-16F7-4668-BE54-9A1E7A4F7556}") = "Uno.Gallery.Wasm", "Uno.Gallery\Uno.Gallery.Wasm\Uno.Gallery.Wasm.csproj", "{49D3CAA2-546E-4E7A-BE97-2B01B04DB462}"
EndProject
Project("{FAE04EC0-301F-11D3-BF4B-00C04F79EFBC}") = "Uno.Gallery.macOS", "Uno.Gallery\Uno.Gallery.macOS\Uno.Gallery.macOS.csproj", "{F5478E89-9761-4894-A8C7-B2F27342E404}"
EndProject
Project("{9A19103F-16F7-4668-BE54-9A1E7A4F7556}") = "Uno.Gallery.Skia.Gtk", "Uno.Gallery\Uno.Gallery.Skia.Gtk\Uno.Gallery.Skia.Gtk.csproj", "{07181F38-5FA7-440E-8659-1ACAA34710C7}"
EndProject
Project("{9A19103F-16F7-4668-BE54-9A1E7A4F7556}") = "Uno.Gallery.UITest", "Uno.Gallery\Uno.Gallery.UITest\Uno.Gallery.UITest.csproj", "{F057D7AA-B11A-463D-A4DD-B613826F06DC}"
EndProject
Project("{9A19103F-16F7-4668-BE54-9A1E7A4F7556}") = "Uno.Gallery.Mobile", "Uno.Gallery\Uno.Gallery.Mobile\Uno.Gallery.Mobile.csproj", "{56090A6B-4B92-4704-AC1A-B365408BCAAA}"
EndProject
Global
	GlobalSection(SolutionConfigurationPlatforms) = preSolution
		Ad-Hoc|Android = Ad-Hoc|Android
		Ad-Hoc|Any CPU = Ad-Hoc|Any CPU
		Ad-Hoc|ARM = Ad-Hoc|ARM
		Ad-Hoc|ARM64 = Ad-Hoc|ARM64
		Ad-Hoc|iPhone = Ad-Hoc|iPhone
		Ad-Hoc|iPhoneSimulator = Ad-Hoc|iPhoneSimulator
		Ad-Hoc|macOS = Ad-Hoc|macOS
		Ad-Hoc|UWP_x64 = Ad-Hoc|UWP_x64
		Ad-Hoc|x64 = Ad-Hoc|x64
		Ad-Hoc|x86 = Ad-Hoc|x86
		AppStore|Android = AppStore|Android
		AppStore|Any CPU = AppStore|Any CPU
		AppStore|ARM = AppStore|ARM
		AppStore|ARM64 = AppStore|ARM64
		AppStore|iPhone = AppStore|iPhone
		AppStore|iPhoneSimulator = AppStore|iPhoneSimulator
		AppStore|macOS = AppStore|macOS
		AppStore|UWP_x64 = AppStore|UWP_x64
		AppStore|x64 = AppStore|x64
		AppStore|x86 = AppStore|x86
		Debug|Android = Debug|Android
		Debug|Any CPU = Debug|Any CPU
		Debug|ARM = Debug|ARM
		Debug|ARM64 = Debug|ARM64
		Debug|iPhone = Debug|iPhone
		Debug|iPhoneSimulator = Debug|iPhoneSimulator
		Debug|macOS = Debug|macOS
		Debug|UWP_x64 = Debug|UWP_x64
		Debug|x64 = Debug|x64
		Debug|x86 = Debug|x86
		Release|Android = Release|Android
		Release|Any CPU = Release|Any CPU
		Release|ARM = Release|ARM
		Release|ARM64 = Release|ARM64
		Release|iPhone = Release|iPhone
		Release|iPhoneSimulator = Release|iPhoneSimulator
		Release|macOS = Release|macOS
		Release|UWP_x64 = Release|UWP_x64
		Release|x64 = Release|x64
		Release|x86 = Release|x86
	EndGlobalSection
	GlobalSection(ProjectConfigurationPlatforms) = postSolution
		{41AA73D1-1930-4BF2-9154-7BE5F6974333}.Ad-Hoc|Android.ActiveCfg = Release|Any CPU
		{41AA73D1-1930-4BF2-9154-7BE5F6974333}.Ad-Hoc|Android.Build.0 = Release|Any CPU
		{41AA73D1-1930-4BF2-9154-7BE5F6974333}.Ad-Hoc|Android.Deploy.0 = Release|Any CPU
		{41AA73D1-1930-4BF2-9154-7BE5F6974333}.Ad-Hoc|Any CPU.ActiveCfg = Release|Any CPU
		{41AA73D1-1930-4BF2-9154-7BE5F6974333}.Ad-Hoc|Any CPU.Build.0 = Release|Any CPU
		{41AA73D1-1930-4BF2-9154-7BE5F6974333}.Ad-Hoc|Any CPU.Deploy.0 = Release|Any CPU
		{41AA73D1-1930-4BF2-9154-7BE5F6974333}.Ad-Hoc|ARM.ActiveCfg = Release|Any CPU
		{41AA73D1-1930-4BF2-9154-7BE5F6974333}.Ad-Hoc|ARM.Build.0 = Release|Any CPU
		{41AA73D1-1930-4BF2-9154-7BE5F6974333}.Ad-Hoc|ARM.Deploy.0 = Release|Any CPU
		{41AA73D1-1930-4BF2-9154-7BE5F6974333}.Ad-Hoc|ARM64.ActiveCfg = Release|Any CPU
		{41AA73D1-1930-4BF2-9154-7BE5F6974333}.Ad-Hoc|ARM64.Build.0 = Release|Any CPU
		{41AA73D1-1930-4BF2-9154-7BE5F6974333}.Ad-Hoc|ARM64.Deploy.0 = Release|Any CPU
		{41AA73D1-1930-4BF2-9154-7BE5F6974333}.Ad-Hoc|iPhone.ActiveCfg = Release|Any CPU
		{41AA73D1-1930-4BF2-9154-7BE5F6974333}.Ad-Hoc|iPhone.Build.0 = Release|Any CPU
		{41AA73D1-1930-4BF2-9154-7BE5F6974333}.Ad-Hoc|iPhone.Deploy.0 = Release|Any CPU
		{41AA73D1-1930-4BF2-9154-7BE5F6974333}.Ad-Hoc|iPhoneSimulator.ActiveCfg = Release|Any CPU
		{41AA73D1-1930-4BF2-9154-7BE5F6974333}.Ad-Hoc|iPhoneSimulator.Build.0 = Release|Any CPU
		{41AA73D1-1930-4BF2-9154-7BE5F6974333}.Ad-Hoc|iPhoneSimulator.Deploy.0 = Release|Any CPU
		{41AA73D1-1930-4BF2-9154-7BE5F6974333}.Ad-Hoc|macOS.ActiveCfg = Release|Any CPU
		{41AA73D1-1930-4BF2-9154-7BE5F6974333}.Ad-Hoc|macOS.Build.0 = Release|Any CPU
		{41AA73D1-1930-4BF2-9154-7BE5F6974333}.Ad-Hoc|macOS.Deploy.0 = Release|Any CPU
		{41AA73D1-1930-4BF2-9154-7BE5F6974333}.Ad-Hoc|UWP_x64.ActiveCfg = Release|Any CPU
		{41AA73D1-1930-4BF2-9154-7BE5F6974333}.Ad-Hoc|UWP_x64.Build.0 = Release|Any CPU
		{41AA73D1-1930-4BF2-9154-7BE5F6974333}.Ad-Hoc|UWP_x64.Deploy.0 = Release|Any CPU
		{41AA73D1-1930-4BF2-9154-7BE5F6974333}.Ad-Hoc|x64.ActiveCfg = Release|Any CPU
		{41AA73D1-1930-4BF2-9154-7BE5F6974333}.Ad-Hoc|x64.Build.0 = Release|Any CPU
		{41AA73D1-1930-4BF2-9154-7BE5F6974333}.Ad-Hoc|x64.Deploy.0 = Release|Any CPU
		{41AA73D1-1930-4BF2-9154-7BE5F6974333}.Ad-Hoc|x86.ActiveCfg = Release|Any CPU
		{41AA73D1-1930-4BF2-9154-7BE5F6974333}.Ad-Hoc|x86.Build.0 = Release|Any CPU
		{41AA73D1-1930-4BF2-9154-7BE5F6974333}.Ad-Hoc|x86.Deploy.0 = Release|Any CPU
		{41AA73D1-1930-4BF2-9154-7BE5F6974333}.AppStore|Android.ActiveCfg = Release|Any CPU
		{41AA73D1-1930-4BF2-9154-7BE5F6974333}.AppStore|Android.Build.0 = Release|Any CPU
		{41AA73D1-1930-4BF2-9154-7BE5F6974333}.AppStore|Android.Deploy.0 = Release|Any CPU
		{41AA73D1-1930-4BF2-9154-7BE5F6974333}.AppStore|Any CPU.ActiveCfg = Release|Any CPU
		{41AA73D1-1930-4BF2-9154-7BE5F6974333}.AppStore|Any CPU.Build.0 = Release|Any CPU
		{41AA73D1-1930-4BF2-9154-7BE5F6974333}.AppStore|Any CPU.Deploy.0 = Release|Any CPU
		{41AA73D1-1930-4BF2-9154-7BE5F6974333}.AppStore|ARM.ActiveCfg = Release|Any CPU
		{41AA73D1-1930-4BF2-9154-7BE5F6974333}.AppStore|ARM.Build.0 = Release|Any CPU
		{41AA73D1-1930-4BF2-9154-7BE5F6974333}.AppStore|ARM.Deploy.0 = Release|Any CPU
		{41AA73D1-1930-4BF2-9154-7BE5F6974333}.AppStore|ARM64.ActiveCfg = Release|Any CPU
		{41AA73D1-1930-4BF2-9154-7BE5F6974333}.AppStore|ARM64.Build.0 = Release|Any CPU
		{41AA73D1-1930-4BF2-9154-7BE5F6974333}.AppStore|ARM64.Deploy.0 = Release|Any CPU
		{41AA73D1-1930-4BF2-9154-7BE5F6974333}.AppStore|iPhone.ActiveCfg = Release|Any CPU
		{41AA73D1-1930-4BF2-9154-7BE5F6974333}.AppStore|iPhone.Build.0 = Release|Any CPU
		{41AA73D1-1930-4BF2-9154-7BE5F6974333}.AppStore|iPhone.Deploy.0 = Release|Any CPU
		{41AA73D1-1930-4BF2-9154-7BE5F6974333}.AppStore|iPhoneSimulator.ActiveCfg = Release|Any CPU
		{41AA73D1-1930-4BF2-9154-7BE5F6974333}.AppStore|iPhoneSimulator.Build.0 = Release|Any CPU
		{41AA73D1-1930-4BF2-9154-7BE5F6974333}.AppStore|iPhoneSimulator.Deploy.0 = Release|Any CPU
		{41AA73D1-1930-4BF2-9154-7BE5F6974333}.AppStore|macOS.ActiveCfg = Release|Any CPU
		{41AA73D1-1930-4BF2-9154-7BE5F6974333}.AppStore|macOS.Build.0 = Release|Any CPU
		{41AA73D1-1930-4BF2-9154-7BE5F6974333}.AppStore|macOS.Deploy.0 = Release|Any CPU
		{41AA73D1-1930-4BF2-9154-7BE5F6974333}.AppStore|UWP_x64.ActiveCfg = Release|Any CPU
		{41AA73D1-1930-4BF2-9154-7BE5F6974333}.AppStore|UWP_x64.Build.0 = Release|Any CPU
		{41AA73D1-1930-4BF2-9154-7BE5F6974333}.AppStore|UWP_x64.Deploy.0 = Release|Any CPU
		{41AA73D1-1930-4BF2-9154-7BE5F6974333}.AppStore|x64.ActiveCfg = Release|Any CPU
		{41AA73D1-1930-4BF2-9154-7BE5F6974333}.AppStore|x64.Build.0 = Release|Any CPU
		{41AA73D1-1930-4BF2-9154-7BE5F6974333}.AppStore|x64.Deploy.0 = Release|Any CPU
		{41AA73D1-1930-4BF2-9154-7BE5F6974333}.AppStore|x86.ActiveCfg = Release|Any CPU
		{41AA73D1-1930-4BF2-9154-7BE5F6974333}.AppStore|x86.Build.0 = Release|Any CPU
		{41AA73D1-1930-4BF2-9154-7BE5F6974333}.AppStore|x86.Deploy.0 = Release|Any CPU
		{41AA73D1-1930-4BF2-9154-7BE5F6974333}.Debug|Android.ActiveCfg = Debug|Any CPU
		{41AA73D1-1930-4BF2-9154-7BE5F6974333}.Debug|Android.Build.0 = Debug|Any CPU
		{41AA73D1-1930-4BF2-9154-7BE5F6974333}.Debug|Android.Deploy.0 = Debug|Any CPU
		{41AA73D1-1930-4BF2-9154-7BE5F6974333}.Debug|Any CPU.ActiveCfg = Debug|Any CPU
		{41AA73D1-1930-4BF2-9154-7BE5F6974333}.Debug|Any CPU.Build.0 = Debug|Any CPU
		{41AA73D1-1930-4BF2-9154-7BE5F6974333}.Debug|Any CPU.Deploy.0 = Debug|Any CPU
		{41AA73D1-1930-4BF2-9154-7BE5F6974333}.Debug|ARM.ActiveCfg = Debug|Any CPU
		{41AA73D1-1930-4BF2-9154-7BE5F6974333}.Debug|ARM.Build.0 = Debug|Any CPU
		{41AA73D1-1930-4BF2-9154-7BE5F6974333}.Debug|ARM.Deploy.0 = Debug|Any CPU
		{41AA73D1-1930-4BF2-9154-7BE5F6974333}.Debug|ARM64.ActiveCfg = Debug|Any CPU
		{41AA73D1-1930-4BF2-9154-7BE5F6974333}.Debug|ARM64.Build.0 = Debug|Any CPU
		{41AA73D1-1930-4BF2-9154-7BE5F6974333}.Debug|ARM64.Deploy.0 = Debug|Any CPU
		{41AA73D1-1930-4BF2-9154-7BE5F6974333}.Debug|iPhone.ActiveCfg = Debug|Any CPU
		{41AA73D1-1930-4BF2-9154-7BE5F6974333}.Debug|iPhone.Build.0 = Debug|Any CPU
		{41AA73D1-1930-4BF2-9154-7BE5F6974333}.Debug|iPhone.Deploy.0 = Debug|Any CPU
		{41AA73D1-1930-4BF2-9154-7BE5F6974333}.Debug|iPhoneSimulator.ActiveCfg = Debug|Any CPU
		{41AA73D1-1930-4BF2-9154-7BE5F6974333}.Debug|iPhoneSimulator.Build.0 = Debug|Any CPU
		{41AA73D1-1930-4BF2-9154-7BE5F6974333}.Debug|iPhoneSimulator.Deploy.0 = Debug|Any CPU
		{41AA73D1-1930-4BF2-9154-7BE5F6974333}.Debug|macOS.ActiveCfg = Debug|Any CPU
		{41AA73D1-1930-4BF2-9154-7BE5F6974333}.Debug|macOS.Build.0 = Debug|Any CPU
		{41AA73D1-1930-4BF2-9154-7BE5F6974333}.Debug|macOS.Deploy.0 = Debug|Any CPU
		{41AA73D1-1930-4BF2-9154-7BE5F6974333}.Debug|UWP_x64.ActiveCfg = Debug|Any CPU
		{41AA73D1-1930-4BF2-9154-7BE5F6974333}.Debug|UWP_x64.Build.0 = Debug|Any CPU
		{41AA73D1-1930-4BF2-9154-7BE5F6974333}.Debug|UWP_x64.Deploy.0 = Debug|Any CPU
		{41AA73D1-1930-4BF2-9154-7BE5F6974333}.Debug|x64.ActiveCfg = Debug|Any CPU
		{41AA73D1-1930-4BF2-9154-7BE5F6974333}.Debug|x64.Build.0 = Debug|Any CPU
		{41AA73D1-1930-4BF2-9154-7BE5F6974333}.Debug|x64.Deploy.0 = Debug|Any CPU
		{41AA73D1-1930-4BF2-9154-7BE5F6974333}.Debug|x86.ActiveCfg = Debug|Any CPU
		{41AA73D1-1930-4BF2-9154-7BE5F6974333}.Debug|x86.Build.0 = Debug|Any CPU
		{41AA73D1-1930-4BF2-9154-7BE5F6974333}.Debug|x86.Deploy.0 = Debug|Any CPU
		{41AA73D1-1930-4BF2-9154-7BE5F6974333}.Release|Android.ActiveCfg = Release|Any CPU
		{41AA73D1-1930-4BF2-9154-7BE5F6974333}.Release|Android.Build.0 = Release|Any CPU
		{41AA73D1-1930-4BF2-9154-7BE5F6974333}.Release|Android.Deploy.0 = Release|Any CPU
		{41AA73D1-1930-4BF2-9154-7BE5F6974333}.Release|Any CPU.ActiveCfg = Release|Any CPU
		{41AA73D1-1930-4BF2-9154-7BE5F6974333}.Release|Any CPU.Build.0 = Release|Any CPU
		{41AA73D1-1930-4BF2-9154-7BE5F6974333}.Release|Any CPU.Deploy.0 = Release|Any CPU
		{41AA73D1-1930-4BF2-9154-7BE5F6974333}.Release|ARM.ActiveCfg = Release|Any CPU
		{41AA73D1-1930-4BF2-9154-7BE5F6974333}.Release|ARM.Build.0 = Release|Any CPU
		{41AA73D1-1930-4BF2-9154-7BE5F6974333}.Release|ARM.Deploy.0 = Release|Any CPU
		{41AA73D1-1930-4BF2-9154-7BE5F6974333}.Release|ARM64.ActiveCfg = Release|Any CPU
		{41AA73D1-1930-4BF2-9154-7BE5F6974333}.Release|ARM64.Build.0 = Release|Any CPU
		{41AA73D1-1930-4BF2-9154-7BE5F6974333}.Release|ARM64.Deploy.0 = Release|Any CPU
		{41AA73D1-1930-4BF2-9154-7BE5F6974333}.Release|iPhone.ActiveCfg = Release|Any CPU
		{41AA73D1-1930-4BF2-9154-7BE5F6974333}.Release|iPhoneSimulator.ActiveCfg = Release|Any CPU
		{41AA73D1-1930-4BF2-9154-7BE5F6974333}.Release|iPhoneSimulator.Build.0 = Release|Any CPU
		{41AA73D1-1930-4BF2-9154-7BE5F6974333}.Release|iPhoneSimulator.Deploy.0 = Release|Any CPU
		{41AA73D1-1930-4BF2-9154-7BE5F6974333}.Release|macOS.ActiveCfg = Release|Any CPU
		{41AA73D1-1930-4BF2-9154-7BE5F6974333}.Release|UWP_x64.ActiveCfg = Release|Any CPU
		{41AA73D1-1930-4BF2-9154-7BE5F6974333}.Release|x64.ActiveCfg = Release|Any CPU
		{41AA73D1-1930-4BF2-9154-7BE5F6974333}.Release|x64.Build.0 = Release|Any CPU
		{41AA73D1-1930-4BF2-9154-7BE5F6974333}.Release|x64.Deploy.0 = Release|Any CPU
		{41AA73D1-1930-4BF2-9154-7BE5F6974333}.Release|x86.ActiveCfg = Release|Any CPU
		{41AA73D1-1930-4BF2-9154-7BE5F6974333}.Release|x86.Build.0 = Release|Any CPU
		{41AA73D1-1930-4BF2-9154-7BE5F6974333}.Release|x86.Deploy.0 = Release|Any CPU
		{EF1962DD-F6FF-46A1-B846-BE4A1FFDE32B}.Ad-Hoc|Android.ActiveCfg = Ad-Hoc|iPhone
		{EF1962DD-F6FF-46A1-B846-BE4A1FFDE32B}.Ad-Hoc|Any CPU.ActiveCfg = Ad-Hoc|iPhone
		{EF1962DD-F6FF-46A1-B846-BE4A1FFDE32B}.Ad-Hoc|ARM.ActiveCfg = Ad-Hoc|iPhone
		{EF1962DD-F6FF-46A1-B846-BE4A1FFDE32B}.Ad-Hoc|ARM64.ActiveCfg = Ad-Hoc|iPhone
		{EF1962DD-F6FF-46A1-B846-BE4A1FFDE32B}.Ad-Hoc|iPhone.ActiveCfg = Ad-Hoc|iPhone
		{EF1962DD-F6FF-46A1-B846-BE4A1FFDE32B}.Ad-Hoc|iPhone.Build.0 = Ad-Hoc|iPhone
		{EF1962DD-F6FF-46A1-B846-BE4A1FFDE32B}.Ad-Hoc|iPhoneSimulator.ActiveCfg = Ad-Hoc|iPhoneSimulator
		{EF1962DD-F6FF-46A1-B846-BE4A1FFDE32B}.Ad-Hoc|iPhoneSimulator.Build.0 = Ad-Hoc|iPhoneSimulator
		{EF1962DD-F6FF-46A1-B846-BE4A1FFDE32B}.Ad-Hoc|macOS.ActiveCfg = Ad-Hoc|iPhoneSimulator
		{EF1962DD-F6FF-46A1-B846-BE4A1FFDE32B}.Ad-Hoc|macOS.Build.0 = Ad-Hoc|iPhoneSimulator
		{EF1962DD-F6FF-46A1-B846-BE4A1FFDE32B}.Ad-Hoc|UWP_x64.ActiveCfg = Ad-Hoc|iPhone
		{EF1962DD-F6FF-46A1-B846-BE4A1FFDE32B}.Ad-Hoc|x64.ActiveCfg = Ad-Hoc|iPhone
		{EF1962DD-F6FF-46A1-B846-BE4A1FFDE32B}.Ad-Hoc|x86.ActiveCfg = Ad-Hoc|iPhone
		{EF1962DD-F6FF-46A1-B846-BE4A1FFDE32B}.AppStore|Android.ActiveCfg = AppStore|iPhone
		{EF1962DD-F6FF-46A1-B846-BE4A1FFDE32B}.AppStore|Any CPU.ActiveCfg = AppStore|iPhone
		{EF1962DD-F6FF-46A1-B846-BE4A1FFDE32B}.AppStore|ARM.ActiveCfg = AppStore|iPhone
		{EF1962DD-F6FF-46A1-B846-BE4A1FFDE32B}.AppStore|ARM64.ActiveCfg = AppStore|iPhone
		{EF1962DD-F6FF-46A1-B846-BE4A1FFDE32B}.AppStore|iPhone.ActiveCfg = AppStore|iPhone
		{EF1962DD-F6FF-46A1-B846-BE4A1FFDE32B}.AppStore|iPhone.Build.0 = AppStore|iPhone
		{EF1962DD-F6FF-46A1-B846-BE4A1FFDE32B}.AppStore|iPhoneSimulator.ActiveCfg = AppStore|iPhoneSimulator
		{EF1962DD-F6FF-46A1-B846-BE4A1FFDE32B}.AppStore|iPhoneSimulator.Build.0 = AppStore|iPhoneSimulator
		{EF1962DD-F6FF-46A1-B846-BE4A1FFDE32B}.AppStore|macOS.ActiveCfg = AppStore|iPhoneSimulator
		{EF1962DD-F6FF-46A1-B846-BE4A1FFDE32B}.AppStore|macOS.Build.0 = AppStore|iPhoneSimulator
		{EF1962DD-F6FF-46A1-B846-BE4A1FFDE32B}.AppStore|UWP_x64.ActiveCfg = AppStore|iPhone
		{EF1962DD-F6FF-46A1-B846-BE4A1FFDE32B}.AppStore|x64.ActiveCfg = AppStore|iPhone
		{EF1962DD-F6FF-46A1-B846-BE4A1FFDE32B}.AppStore|x86.ActiveCfg = AppStore|iPhone
		{EF1962DD-F6FF-46A1-B846-BE4A1FFDE32B}.Debug|Android.ActiveCfg = Debug|iPhone
		{EF1962DD-F6FF-46A1-B846-BE4A1FFDE32B}.Debug|Any CPU.ActiveCfg = Debug|iPhone
		{EF1962DD-F6FF-46A1-B846-BE4A1FFDE32B}.Debug|Any CPU.Build.0 = Debug|iPhone
		{EF1962DD-F6FF-46A1-B846-BE4A1FFDE32B}.Debug|ARM.ActiveCfg = Debug|iPhone
		{EF1962DD-F6FF-46A1-B846-BE4A1FFDE32B}.Debug|ARM64.ActiveCfg = Debug|iPhone
		{EF1962DD-F6FF-46A1-B846-BE4A1FFDE32B}.Debug|iPhone.ActiveCfg = Debug|iPhone
		{EF1962DD-F6FF-46A1-B846-BE4A1FFDE32B}.Debug|iPhone.Build.0 = Debug|iPhone
		{EF1962DD-F6FF-46A1-B846-BE4A1FFDE32B}.Debug|iPhone.Deploy.0 = Debug|iPhone
		{EF1962DD-F6FF-46A1-B846-BE4A1FFDE32B}.Debug|iPhoneSimulator.ActiveCfg = Debug|iPhoneSimulator
		{EF1962DD-F6FF-46A1-B846-BE4A1FFDE32B}.Debug|iPhoneSimulator.Build.0 = Debug|iPhoneSimulator
		{EF1962DD-F6FF-46A1-B846-BE4A1FFDE32B}.Debug|macOS.ActiveCfg = Debug|iPhoneSimulator
		{EF1962DD-F6FF-46A1-B846-BE4A1FFDE32B}.Debug|macOS.Build.0 = Debug|iPhoneSimulator
		{EF1962DD-F6FF-46A1-B846-BE4A1FFDE32B}.Debug|UWP_x64.ActiveCfg = Debug|iPhone
		{EF1962DD-F6FF-46A1-B846-BE4A1FFDE32B}.Debug|x64.ActiveCfg = Debug|iPhone
		{EF1962DD-F6FF-46A1-B846-BE4A1FFDE32B}.Debug|x86.ActiveCfg = Debug|iPhone
		{EF1962DD-F6FF-46A1-B846-BE4A1FFDE32B}.Release|Android.ActiveCfg = Release|iPhone
		{EF1962DD-F6FF-46A1-B846-BE4A1FFDE32B}.Release|Any CPU.ActiveCfg = Release|iPhone
		{EF1962DD-F6FF-46A1-B846-BE4A1FFDE32B}.Release|ARM.ActiveCfg = Release|iPhone
		{EF1962DD-F6FF-46A1-B846-BE4A1FFDE32B}.Release|ARM64.ActiveCfg = Release|iPhone
		{EF1962DD-F6FF-46A1-B846-BE4A1FFDE32B}.Release|iPhone.ActiveCfg = Release|iPhone
		{EF1962DD-F6FF-46A1-B846-BE4A1FFDE32B}.Release|iPhone.Build.0 = Release|iPhone
		{EF1962DD-F6FF-46A1-B846-BE4A1FFDE32B}.Release|iPhone.Deploy.0 = Release|iPhone
		{EF1962DD-F6FF-46A1-B846-BE4A1FFDE32B}.Release|iPhoneSimulator.ActiveCfg = Release|iPhoneSimulator
		{EF1962DD-F6FF-46A1-B846-BE4A1FFDE32B}.Release|iPhoneSimulator.Build.0 = Release|iPhoneSimulator
		{EF1962DD-F6FF-46A1-B846-BE4A1FFDE32B}.Release|macOS.ActiveCfg = Release|iPhoneSimulator
		{EF1962DD-F6FF-46A1-B846-BE4A1FFDE32B}.Release|UWP_x64.ActiveCfg = Release|iPhone
		{EF1962DD-F6FF-46A1-B846-BE4A1FFDE32B}.Release|x64.ActiveCfg = Release|iPhone
		{EF1962DD-F6FF-46A1-B846-BE4A1FFDE32B}.Release|x86.ActiveCfg = Release|iPhone
		{B4470685-43A9-4CBD-88C8-C16675042D53}.Ad-Hoc|Android.ActiveCfg = Release|x64
		{B4470685-43A9-4CBD-88C8-C16675042D53}.Ad-Hoc|Android.Build.0 = Release|x64
		{B4470685-43A9-4CBD-88C8-C16675042D53}.Ad-Hoc|Android.Deploy.0 = Release|x64
		{B4470685-43A9-4CBD-88C8-C16675042D53}.Ad-Hoc|Any CPU.ActiveCfg = Release|x64
		{B4470685-43A9-4CBD-88C8-C16675042D53}.Ad-Hoc|Any CPU.Build.0 = Release|x64
		{B4470685-43A9-4CBD-88C8-C16675042D53}.Ad-Hoc|Any CPU.Deploy.0 = Release|x64
		{B4470685-43A9-4CBD-88C8-C16675042D53}.Ad-Hoc|ARM.ActiveCfg = Release|ARM
		{B4470685-43A9-4CBD-88C8-C16675042D53}.Ad-Hoc|ARM.Build.0 = Release|ARM
		{B4470685-43A9-4CBD-88C8-C16675042D53}.Ad-Hoc|ARM.Deploy.0 = Release|ARM
		{B4470685-43A9-4CBD-88C8-C16675042D53}.Ad-Hoc|ARM64.ActiveCfg = Release|ARM64
		{B4470685-43A9-4CBD-88C8-C16675042D53}.Ad-Hoc|ARM64.Build.0 = Release|ARM64
		{B4470685-43A9-4CBD-88C8-C16675042D53}.Ad-Hoc|ARM64.Deploy.0 = Release|ARM64
		{B4470685-43A9-4CBD-88C8-C16675042D53}.Ad-Hoc|iPhone.ActiveCfg = Release|x64
		{B4470685-43A9-4CBD-88C8-C16675042D53}.Ad-Hoc|iPhone.Build.0 = Release|x64
		{B4470685-43A9-4CBD-88C8-C16675042D53}.Ad-Hoc|iPhone.Deploy.0 = Release|x64
		{B4470685-43A9-4CBD-88C8-C16675042D53}.Ad-Hoc|iPhoneSimulator.ActiveCfg = Release|x64
		{B4470685-43A9-4CBD-88C8-C16675042D53}.Ad-Hoc|iPhoneSimulator.Build.0 = Release|x64
		{B4470685-43A9-4CBD-88C8-C16675042D53}.Ad-Hoc|iPhoneSimulator.Deploy.0 = Release|x64
		{B4470685-43A9-4CBD-88C8-C16675042D53}.Ad-Hoc|macOS.ActiveCfg = Release|x64
		{B4470685-43A9-4CBD-88C8-C16675042D53}.Ad-Hoc|macOS.Build.0 = Release|x64
		{B4470685-43A9-4CBD-88C8-C16675042D53}.Ad-Hoc|macOS.Deploy.0 = Release|x64
		{B4470685-43A9-4CBD-88C8-C16675042D53}.Ad-Hoc|UWP_x64.ActiveCfg = Release|x64
		{B4470685-43A9-4CBD-88C8-C16675042D53}.Ad-Hoc|UWP_x64.Build.0 = Release|x64
		{B4470685-43A9-4CBD-88C8-C16675042D53}.Ad-Hoc|UWP_x64.Deploy.0 = Release|x64
		{B4470685-43A9-4CBD-88C8-C16675042D53}.Ad-Hoc|x64.ActiveCfg = Release|x64
		{B4470685-43A9-4CBD-88C8-C16675042D53}.Ad-Hoc|x64.Build.0 = Release|x64
		{B4470685-43A9-4CBD-88C8-C16675042D53}.Ad-Hoc|x64.Deploy.0 = Release|x64
		{B4470685-43A9-4CBD-88C8-C16675042D53}.Ad-Hoc|x86.ActiveCfg = Release|x86
		{B4470685-43A9-4CBD-88C8-C16675042D53}.Ad-Hoc|x86.Build.0 = Release|x86
		{B4470685-43A9-4CBD-88C8-C16675042D53}.Ad-Hoc|x86.Deploy.0 = Release|x86
		{B4470685-43A9-4CBD-88C8-C16675042D53}.AppStore|Android.ActiveCfg = Release|x64
		{B4470685-43A9-4CBD-88C8-C16675042D53}.AppStore|Android.Build.0 = Release|x64
		{B4470685-43A9-4CBD-88C8-C16675042D53}.AppStore|Android.Deploy.0 = Release|x64
		{B4470685-43A9-4CBD-88C8-C16675042D53}.AppStore|Any CPU.ActiveCfg = Release|x64
		{B4470685-43A9-4CBD-88C8-C16675042D53}.AppStore|Any CPU.Build.0 = Release|x64
		{B4470685-43A9-4CBD-88C8-C16675042D53}.AppStore|Any CPU.Deploy.0 = Release|x64
		{B4470685-43A9-4CBD-88C8-C16675042D53}.AppStore|ARM.ActiveCfg = Release|ARM
		{B4470685-43A9-4CBD-88C8-C16675042D53}.AppStore|ARM.Build.0 = Release|ARM
		{B4470685-43A9-4CBD-88C8-C16675042D53}.AppStore|ARM.Deploy.0 = Release|ARM
		{B4470685-43A9-4CBD-88C8-C16675042D53}.AppStore|ARM64.ActiveCfg = Release|ARM64
		{B4470685-43A9-4CBD-88C8-C16675042D53}.AppStore|ARM64.Build.0 = Release|ARM64
		{B4470685-43A9-4CBD-88C8-C16675042D53}.AppStore|ARM64.Deploy.0 = Release|ARM64
		{B4470685-43A9-4CBD-88C8-C16675042D53}.AppStore|iPhone.ActiveCfg = Release|x64
		{B4470685-43A9-4CBD-88C8-C16675042D53}.AppStore|iPhone.Build.0 = Release|x64
		{B4470685-43A9-4CBD-88C8-C16675042D53}.AppStore|iPhone.Deploy.0 = Release|x64
		{B4470685-43A9-4CBD-88C8-C16675042D53}.AppStore|iPhoneSimulator.ActiveCfg = Release|x64
		{B4470685-43A9-4CBD-88C8-C16675042D53}.AppStore|iPhoneSimulator.Build.0 = Release|x64
		{B4470685-43A9-4CBD-88C8-C16675042D53}.AppStore|iPhoneSimulator.Deploy.0 = Release|x64
		{B4470685-43A9-4CBD-88C8-C16675042D53}.AppStore|macOS.ActiveCfg = Release|x64
		{B4470685-43A9-4CBD-88C8-C16675042D53}.AppStore|macOS.Build.0 = Release|x64
		{B4470685-43A9-4CBD-88C8-C16675042D53}.AppStore|macOS.Deploy.0 = Release|x64
		{B4470685-43A9-4CBD-88C8-C16675042D53}.AppStore|UWP_x64.ActiveCfg = Release|x64
		{B4470685-43A9-4CBD-88C8-C16675042D53}.AppStore|UWP_x64.Build.0 = Release|x64
		{B4470685-43A9-4CBD-88C8-C16675042D53}.AppStore|UWP_x64.Deploy.0 = Release|x64
		{B4470685-43A9-4CBD-88C8-C16675042D53}.AppStore|x64.ActiveCfg = Release|x64
		{B4470685-43A9-4CBD-88C8-C16675042D53}.AppStore|x64.Build.0 = Release|x64
		{B4470685-43A9-4CBD-88C8-C16675042D53}.AppStore|x64.Deploy.0 = Release|x64
		{B4470685-43A9-4CBD-88C8-C16675042D53}.AppStore|x86.ActiveCfg = Release|x86
		{B4470685-43A9-4CBD-88C8-C16675042D53}.AppStore|x86.Build.0 = Release|x86
		{B4470685-43A9-4CBD-88C8-C16675042D53}.AppStore|x86.Deploy.0 = Release|x86
		{B4470685-43A9-4CBD-88C8-C16675042D53}.Debug|Android.ActiveCfg = Debug|x86
		{B4470685-43A9-4CBD-88C8-C16675042D53}.Debug|Any CPU.ActiveCfg = Debug|x86
		{B4470685-43A9-4CBD-88C8-C16675042D53}.Debug|Any CPU.Build.0 = Debug|x86
		{B4470685-43A9-4CBD-88C8-C16675042D53}.Debug|Any CPU.Deploy.0 = Debug|x86
		{B4470685-43A9-4CBD-88C8-C16675042D53}.Debug|ARM.ActiveCfg = Debug|ARM
		{B4470685-43A9-4CBD-88C8-C16675042D53}.Debug|ARM.Build.0 = Debug|ARM
		{B4470685-43A9-4CBD-88C8-C16675042D53}.Debug|ARM.Deploy.0 = Debug|ARM
		{B4470685-43A9-4CBD-88C8-C16675042D53}.Debug|ARM64.ActiveCfg = Debug|ARM64
		{B4470685-43A9-4CBD-88C8-C16675042D53}.Debug|ARM64.Build.0 = Debug|ARM64
		{B4470685-43A9-4CBD-88C8-C16675042D53}.Debug|ARM64.Deploy.0 = Debug|ARM64
		{B4470685-43A9-4CBD-88C8-C16675042D53}.Debug|iPhone.ActiveCfg = Debug|x86
		{B4470685-43A9-4CBD-88C8-C16675042D53}.Debug|iPhoneSimulator.ActiveCfg = Debug|x86
		{B4470685-43A9-4CBD-88C8-C16675042D53}.Debug|macOS.ActiveCfg = Debug|x86
		{B4470685-43A9-4CBD-88C8-C16675042D53}.Debug|UWP_x64.ActiveCfg = Debug|x64
		{B4470685-43A9-4CBD-88C8-C16675042D53}.Debug|UWP_x64.Build.0 = Debug|x64
		{B4470685-43A9-4CBD-88C8-C16675042D53}.Debug|UWP_x64.Deploy.0 = Debug|x64
		{B4470685-43A9-4CBD-88C8-C16675042D53}.Debug|x64.ActiveCfg = Debug|x64
		{B4470685-43A9-4CBD-88C8-C16675042D53}.Debug|x64.Build.0 = Debug|x64
		{B4470685-43A9-4CBD-88C8-C16675042D53}.Debug|x64.Deploy.0 = Debug|x64
		{B4470685-43A9-4CBD-88C8-C16675042D53}.Debug|x86.ActiveCfg = Debug|x86
		{B4470685-43A9-4CBD-88C8-C16675042D53}.Debug|x86.Build.0 = Debug|x86
		{B4470685-43A9-4CBD-88C8-C16675042D53}.Debug|x86.Deploy.0 = Debug|x86
		{B4470685-43A9-4CBD-88C8-C16675042D53}.Release|Android.ActiveCfg = Release|x86
		{B4470685-43A9-4CBD-88C8-C16675042D53}.Release|Any CPU.ActiveCfg = Release|x86
		{B4470685-43A9-4CBD-88C8-C16675042D53}.Release|ARM.ActiveCfg = Release|ARM
		{B4470685-43A9-4CBD-88C8-C16675042D53}.Release|ARM.Build.0 = Release|ARM
		{B4470685-43A9-4CBD-88C8-C16675042D53}.Release|ARM.Deploy.0 = Release|ARM
		{B4470685-43A9-4CBD-88C8-C16675042D53}.Release|ARM64.ActiveCfg = Release|ARM64
		{B4470685-43A9-4CBD-88C8-C16675042D53}.Release|ARM64.Build.0 = Release|ARM64
		{B4470685-43A9-4CBD-88C8-C16675042D53}.Release|ARM64.Deploy.0 = Release|ARM64
		{B4470685-43A9-4CBD-88C8-C16675042D53}.Release|iPhone.ActiveCfg = Release|x86
		{B4470685-43A9-4CBD-88C8-C16675042D53}.Release|iPhoneSimulator.ActiveCfg = Release|x86
		{B4470685-43A9-4CBD-88C8-C16675042D53}.Release|macOS.ActiveCfg = Release|x86
		{B4470685-43A9-4CBD-88C8-C16675042D53}.Release|UWP_x64.ActiveCfg = Release|x64
		{B4470685-43A9-4CBD-88C8-C16675042D53}.Release|UWP_x64.Build.0 = Release|x64
		{B4470685-43A9-4CBD-88C8-C16675042D53}.Release|UWP_x64.Deploy.0 = Release|x64
		{B4470685-43A9-4CBD-88C8-C16675042D53}.Release|x64.ActiveCfg = Release|x64
		{B4470685-43A9-4CBD-88C8-C16675042D53}.Release|x64.Build.0 = Release|x64
		{B4470685-43A9-4CBD-88C8-C16675042D53}.Release|x64.Deploy.0 = Release|x64
		{B4470685-43A9-4CBD-88C8-C16675042D53}.Release|x86.ActiveCfg = Release|x86
		{B4470685-43A9-4CBD-88C8-C16675042D53}.Release|x86.Build.0 = Release|x86
		{B4470685-43A9-4CBD-88C8-C16675042D53}.Release|x86.Deploy.0 = Release|x86
		{49D3CAA2-546E-4E7A-BE97-2B01B04DB462}.Ad-Hoc|Android.ActiveCfg = Debug|Any CPU
		{49D3CAA2-546E-4E7A-BE97-2B01B04DB462}.Ad-Hoc|Android.Build.0 = Debug|Any CPU
		{49D3CAA2-546E-4E7A-BE97-2B01B04DB462}.Ad-Hoc|Any CPU.ActiveCfg = Debug|Any CPU
		{49D3CAA2-546E-4E7A-BE97-2B01B04DB462}.Ad-Hoc|Any CPU.Build.0 = Debug|Any CPU
		{49D3CAA2-546E-4E7A-BE97-2B01B04DB462}.Ad-Hoc|ARM.ActiveCfg = Debug|Any CPU
		{49D3CAA2-546E-4E7A-BE97-2B01B04DB462}.Ad-Hoc|ARM.Build.0 = Debug|Any CPU
		{49D3CAA2-546E-4E7A-BE97-2B01B04DB462}.Ad-Hoc|ARM64.ActiveCfg = Debug|Any CPU
		{49D3CAA2-546E-4E7A-BE97-2B01B04DB462}.Ad-Hoc|ARM64.Build.0 = Debug|Any CPU
		{49D3CAA2-546E-4E7A-BE97-2B01B04DB462}.Ad-Hoc|iPhone.ActiveCfg = Debug|Any CPU
		{49D3CAA2-546E-4E7A-BE97-2B01B04DB462}.Ad-Hoc|iPhone.Build.0 = Debug|Any CPU
		{49D3CAA2-546E-4E7A-BE97-2B01B04DB462}.Ad-Hoc|iPhoneSimulator.ActiveCfg = Debug|Any CPU
		{49D3CAA2-546E-4E7A-BE97-2B01B04DB462}.Ad-Hoc|iPhoneSimulator.Build.0 = Debug|Any CPU
		{49D3CAA2-546E-4E7A-BE97-2B01B04DB462}.Ad-Hoc|macOS.ActiveCfg = Debug|Any CPU
		{49D3CAA2-546E-4E7A-BE97-2B01B04DB462}.Ad-Hoc|macOS.Build.0 = Debug|Any CPU
		{49D3CAA2-546E-4E7A-BE97-2B01B04DB462}.Ad-Hoc|UWP_x64.ActiveCfg = Debug|Any CPU
		{49D3CAA2-546E-4E7A-BE97-2B01B04DB462}.Ad-Hoc|UWP_x64.Build.0 = Debug|Any CPU
		{49D3CAA2-546E-4E7A-BE97-2B01B04DB462}.Ad-Hoc|x64.ActiveCfg = Debug|Any CPU
		{49D3CAA2-546E-4E7A-BE97-2B01B04DB462}.Ad-Hoc|x64.Build.0 = Debug|Any CPU
		{49D3CAA2-546E-4E7A-BE97-2B01B04DB462}.Ad-Hoc|x86.ActiveCfg = Debug|Any CPU
		{49D3CAA2-546E-4E7A-BE97-2B01B04DB462}.Ad-Hoc|x86.Build.0 = Debug|Any CPU
		{49D3CAA2-546E-4E7A-BE97-2B01B04DB462}.AppStore|Android.ActiveCfg = Debug|Any CPU
		{49D3CAA2-546E-4E7A-BE97-2B01B04DB462}.AppStore|Android.Build.0 = Debug|Any CPU
		{49D3CAA2-546E-4E7A-BE97-2B01B04DB462}.AppStore|Any CPU.ActiveCfg = Debug|Any CPU
		{49D3CAA2-546E-4E7A-BE97-2B01B04DB462}.AppStore|Any CPU.Build.0 = Debug|Any CPU
		{49D3CAA2-546E-4E7A-BE97-2B01B04DB462}.AppStore|ARM.ActiveCfg = Debug|Any CPU
		{49D3CAA2-546E-4E7A-BE97-2B01B04DB462}.AppStore|ARM.Build.0 = Debug|Any CPU
		{49D3CAA2-546E-4E7A-BE97-2B01B04DB462}.AppStore|ARM64.ActiveCfg = Debug|Any CPU
		{49D3CAA2-546E-4E7A-BE97-2B01B04DB462}.AppStore|ARM64.Build.0 = Debug|Any CPU
		{49D3CAA2-546E-4E7A-BE97-2B01B04DB462}.AppStore|iPhone.ActiveCfg = Debug|Any CPU
		{49D3CAA2-546E-4E7A-BE97-2B01B04DB462}.AppStore|iPhone.Build.0 = Debug|Any CPU
		{49D3CAA2-546E-4E7A-BE97-2B01B04DB462}.AppStore|iPhoneSimulator.ActiveCfg = Debug|Any CPU
		{49D3CAA2-546E-4E7A-BE97-2B01B04DB462}.AppStore|iPhoneSimulator.Build.0 = Debug|Any CPU
		{49D3CAA2-546E-4E7A-BE97-2B01B04DB462}.AppStore|macOS.ActiveCfg = Debug|Any CPU
		{49D3CAA2-546E-4E7A-BE97-2B01B04DB462}.AppStore|macOS.Build.0 = Debug|Any CPU
		{49D3CAA2-546E-4E7A-BE97-2B01B04DB462}.AppStore|UWP_x64.ActiveCfg = Debug|Any CPU
		{49D3CAA2-546E-4E7A-BE97-2B01B04DB462}.AppStore|UWP_x64.Build.0 = Debug|Any CPU
		{49D3CAA2-546E-4E7A-BE97-2B01B04DB462}.AppStore|x64.ActiveCfg = Debug|Any CPU
		{49D3CAA2-546E-4E7A-BE97-2B01B04DB462}.AppStore|x64.Build.0 = Debug|Any CPU
		{49D3CAA2-546E-4E7A-BE97-2B01B04DB462}.AppStore|x86.ActiveCfg = Debug|Any CPU
		{49D3CAA2-546E-4E7A-BE97-2B01B04DB462}.AppStore|x86.Build.0 = Debug|Any CPU
		{49D3CAA2-546E-4E7A-BE97-2B01B04DB462}.Debug|Android.ActiveCfg = Debug|Any CPU
		{49D3CAA2-546E-4E7A-BE97-2B01B04DB462}.Debug|Android.Build.0 = Debug|Any CPU
		{49D3CAA2-546E-4E7A-BE97-2B01B04DB462}.Debug|Any CPU.ActiveCfg = Debug|Any CPU
		{49D3CAA2-546E-4E7A-BE97-2B01B04DB462}.Debug|Any CPU.Build.0 = Debug|Any CPU
		{49D3CAA2-546E-4E7A-BE97-2B01B04DB462}.Debug|ARM.ActiveCfg = Debug|Any CPU
		{49D3CAA2-546E-4E7A-BE97-2B01B04DB462}.Debug|ARM.Build.0 = Debug|Any CPU
		{49D3CAA2-546E-4E7A-BE97-2B01B04DB462}.Debug|ARM64.ActiveCfg = Debug|Any CPU
		{49D3CAA2-546E-4E7A-BE97-2B01B04DB462}.Debug|ARM64.Build.0 = Debug|Any CPU
		{49D3CAA2-546E-4E7A-BE97-2B01B04DB462}.Debug|iPhone.ActiveCfg = Debug|Any CPU
		{49D3CAA2-546E-4E7A-BE97-2B01B04DB462}.Debug|iPhone.Build.0 = Debug|Any CPU
		{49D3CAA2-546E-4E7A-BE97-2B01B04DB462}.Debug|iPhoneSimulator.ActiveCfg = Debug|Any CPU
		{49D3CAA2-546E-4E7A-BE97-2B01B04DB462}.Debug|iPhoneSimulator.Build.0 = Debug|Any CPU
		{49D3CAA2-546E-4E7A-BE97-2B01B04DB462}.Debug|macOS.ActiveCfg = Debug|Any CPU
		{49D3CAA2-546E-4E7A-BE97-2B01B04DB462}.Debug|macOS.Build.0 = Debug|Any CPU
		{49D3CAA2-546E-4E7A-BE97-2B01B04DB462}.Debug|UWP_x64.ActiveCfg = Debug|Any CPU
		{49D3CAA2-546E-4E7A-BE97-2B01B04DB462}.Debug|UWP_x64.Build.0 = Debug|Any CPU
		{49D3CAA2-546E-4E7A-BE97-2B01B04DB462}.Debug|x64.ActiveCfg = Debug|Any CPU
		{49D3CAA2-546E-4E7A-BE97-2B01B04DB462}.Debug|x64.Build.0 = Debug|Any CPU
		{49D3CAA2-546E-4E7A-BE97-2B01B04DB462}.Debug|x86.ActiveCfg = Debug|Any CPU
		{49D3CAA2-546E-4E7A-BE97-2B01B04DB462}.Debug|x86.Build.0 = Debug|Any CPU
		{49D3CAA2-546E-4E7A-BE97-2B01B04DB462}.Release|Android.ActiveCfg = Release|Any CPU
		{49D3CAA2-546E-4E7A-BE97-2B01B04DB462}.Release|Any CPU.ActiveCfg = Release|Any CPU
		{49D3CAA2-546E-4E7A-BE97-2B01B04DB462}.Release|Any CPU.Build.0 = Release|Any CPU
		{49D3CAA2-546E-4E7A-BE97-2B01B04DB462}.Release|ARM.ActiveCfg = Release|Any CPU
		{49D3CAA2-546E-4E7A-BE97-2B01B04DB462}.Release|ARM.Build.0 = Release|Any CPU
		{49D3CAA2-546E-4E7A-BE97-2B01B04DB462}.Release|ARM64.ActiveCfg = Release|Any CPU
		{49D3CAA2-546E-4E7A-BE97-2B01B04DB462}.Release|ARM64.Build.0 = Release|Any CPU
		{49D3CAA2-546E-4E7A-BE97-2B01B04DB462}.Release|iPhone.ActiveCfg = Release|Any CPU
		{49D3CAA2-546E-4E7A-BE97-2B01B04DB462}.Release|iPhoneSimulator.ActiveCfg = Release|Any CPU
		{49D3CAA2-546E-4E7A-BE97-2B01B04DB462}.Release|iPhoneSimulator.Build.0 = Release|Any CPU
		{49D3CAA2-546E-4E7A-BE97-2B01B04DB462}.Release|macOS.ActiveCfg = Release|Any CPU
		{49D3CAA2-546E-4E7A-BE97-2B01B04DB462}.Release|UWP_x64.ActiveCfg = Release|Any CPU
		{49D3CAA2-546E-4E7A-BE97-2B01B04DB462}.Release|x64.ActiveCfg = Release|Any CPU
		{49D3CAA2-546E-4E7A-BE97-2B01B04DB462}.Release|x64.Build.0 = Release|Any CPU
		{49D3CAA2-546E-4E7A-BE97-2B01B04DB462}.Release|x86.ActiveCfg = Release|Any CPU
		{49D3CAA2-546E-4E7A-BE97-2B01B04DB462}.Release|x86.Build.0 = Release|Any CPU
		{F5478E89-9761-4894-A8C7-B2F27342E404}.Ad-Hoc|Android.ActiveCfg = Release|iPhoneSimulator
		{F5478E89-9761-4894-A8C7-B2F27342E404}.Ad-Hoc|Android.Build.0 = Release|iPhoneSimulator
		{F5478E89-9761-4894-A8C7-B2F27342E404}.Ad-Hoc|Any CPU.ActiveCfg = Release|iPhoneSimulator
		{F5478E89-9761-4894-A8C7-B2F27342E404}.Ad-Hoc|Any CPU.Build.0 = Release|iPhoneSimulator
		{F5478E89-9761-4894-A8C7-B2F27342E404}.Ad-Hoc|ARM.ActiveCfg = Release|iPhoneSimulator
		{F5478E89-9761-4894-A8C7-B2F27342E404}.Ad-Hoc|ARM.Build.0 = Release|iPhoneSimulator
		{F5478E89-9761-4894-A8C7-B2F27342E404}.Ad-Hoc|ARM64.ActiveCfg = Release|iPhoneSimulator
		{F5478E89-9761-4894-A8C7-B2F27342E404}.Ad-Hoc|ARM64.Build.0 = Release|iPhoneSimulator
		{F5478E89-9761-4894-A8C7-B2F27342E404}.Ad-Hoc|iPhone.ActiveCfg = Release|iPhoneSimulator
		{F5478E89-9761-4894-A8C7-B2F27342E404}.Ad-Hoc|iPhone.Build.0 = Release|iPhoneSimulator
		{F5478E89-9761-4894-A8C7-B2F27342E404}.Ad-Hoc|iPhoneSimulator.ActiveCfg = Release|iPhoneSimulator
		{F5478E89-9761-4894-A8C7-B2F27342E404}.Ad-Hoc|iPhoneSimulator.Build.0 = Release|iPhoneSimulator
		{F5478E89-9761-4894-A8C7-B2F27342E404}.Ad-Hoc|macOS.ActiveCfg = Release|iPhoneSimulator
		{F5478E89-9761-4894-A8C7-B2F27342E404}.Ad-Hoc|macOS.Build.0 = Release|iPhoneSimulator
		{F5478E89-9761-4894-A8C7-B2F27342E404}.Ad-Hoc|UWP_x64.ActiveCfg = Release|iPhoneSimulator
		{F5478E89-9761-4894-A8C7-B2F27342E404}.Ad-Hoc|UWP_x64.Build.0 = Release|iPhoneSimulator
		{F5478E89-9761-4894-A8C7-B2F27342E404}.Ad-Hoc|x64.ActiveCfg = Release|iPhoneSimulator
		{F5478E89-9761-4894-A8C7-B2F27342E404}.Ad-Hoc|x64.Build.0 = Release|iPhoneSimulator
		{F5478E89-9761-4894-A8C7-B2F27342E404}.Ad-Hoc|x86.ActiveCfg = Release|iPhoneSimulator
		{F5478E89-9761-4894-A8C7-B2F27342E404}.Ad-Hoc|x86.Build.0 = Release|iPhoneSimulator
		{F5478E89-9761-4894-A8C7-B2F27342E404}.AppStore|Android.ActiveCfg = Release|iPhoneSimulator
		{F5478E89-9761-4894-A8C7-B2F27342E404}.AppStore|Android.Build.0 = Release|iPhoneSimulator
		{F5478E89-9761-4894-A8C7-B2F27342E404}.AppStore|Any CPU.ActiveCfg = Release|iPhoneSimulator
		{F5478E89-9761-4894-A8C7-B2F27342E404}.AppStore|Any CPU.Build.0 = Release|iPhoneSimulator
		{F5478E89-9761-4894-A8C7-B2F27342E404}.AppStore|ARM.ActiveCfg = Release|iPhoneSimulator
		{F5478E89-9761-4894-A8C7-B2F27342E404}.AppStore|ARM.Build.0 = Release|iPhoneSimulator
		{F5478E89-9761-4894-A8C7-B2F27342E404}.AppStore|ARM64.ActiveCfg = Release|iPhoneSimulator
		{F5478E89-9761-4894-A8C7-B2F27342E404}.AppStore|ARM64.Build.0 = Release|iPhoneSimulator
		{F5478E89-9761-4894-A8C7-B2F27342E404}.AppStore|iPhone.ActiveCfg = Release|iPhoneSimulator
		{F5478E89-9761-4894-A8C7-B2F27342E404}.AppStore|iPhone.Build.0 = Release|iPhoneSimulator
		{F5478E89-9761-4894-A8C7-B2F27342E404}.AppStore|iPhoneSimulator.ActiveCfg = Release|iPhoneSimulator
		{F5478E89-9761-4894-A8C7-B2F27342E404}.AppStore|iPhoneSimulator.Build.0 = Release|iPhoneSimulator
		{F5478E89-9761-4894-A8C7-B2F27342E404}.AppStore|macOS.ActiveCfg = Release|iPhoneSimulator
		{F5478E89-9761-4894-A8C7-B2F27342E404}.AppStore|macOS.Build.0 = Release|iPhoneSimulator
		{F5478E89-9761-4894-A8C7-B2F27342E404}.AppStore|UWP_x64.ActiveCfg = Release|iPhoneSimulator
		{F5478E89-9761-4894-A8C7-B2F27342E404}.AppStore|UWP_x64.Build.0 = Release|iPhoneSimulator
		{F5478E89-9761-4894-A8C7-B2F27342E404}.AppStore|x64.ActiveCfg = Release|iPhoneSimulator
		{F5478E89-9761-4894-A8C7-B2F27342E404}.AppStore|x64.Build.0 = Release|iPhoneSimulator
		{F5478E89-9761-4894-A8C7-B2F27342E404}.AppStore|x86.ActiveCfg = Release|iPhoneSimulator
		{F5478E89-9761-4894-A8C7-B2F27342E404}.AppStore|x86.Build.0 = Release|iPhoneSimulator
		{F5478E89-9761-4894-A8C7-B2F27342E404}.Debug|Android.ActiveCfg = Debug|iPhoneSimulator
		{F5478E89-9761-4894-A8C7-B2F27342E404}.Debug|Any CPU.ActiveCfg = Debug|iPhoneSimulator
		{F5478E89-9761-4894-A8C7-B2F27342E404}.Debug|Any CPU.Build.0 = Debug|iPhoneSimulator
		{F5478E89-9761-4894-A8C7-B2F27342E404}.Debug|ARM.ActiveCfg = Debug|iPhoneSimulator
		{F5478E89-9761-4894-A8C7-B2F27342E404}.Debug|ARM64.ActiveCfg = Debug|iPhoneSimulator
		{F5478E89-9761-4894-A8C7-B2F27342E404}.Debug|iPhone.ActiveCfg = Debug|iPhoneSimulator
		{F5478E89-9761-4894-A8C7-B2F27342E404}.Debug|iPhoneSimulator.ActiveCfg = Debug|iPhoneSimulator
		{F5478E89-9761-4894-A8C7-B2F27342E404}.Debug|iPhoneSimulator.Build.0 = Debug|iPhoneSimulator
		{F5478E89-9761-4894-A8C7-B2F27342E404}.Debug|macOS.ActiveCfg = Debug|iPhoneSimulator
		{F5478E89-9761-4894-A8C7-B2F27342E404}.Debug|macOS.Build.0 = Debug|iPhoneSimulator
		{F5478E89-9761-4894-A8C7-B2F27342E404}.Debug|UWP_x64.ActiveCfg = Debug|iPhoneSimulator
		{F5478E89-9761-4894-A8C7-B2F27342E404}.Debug|x64.ActiveCfg = Debug|iPhoneSimulator
		{F5478E89-9761-4894-A8C7-B2F27342E404}.Debug|x86.ActiveCfg = Debug|iPhoneSimulator
		{F5478E89-9761-4894-A8C7-B2F27342E404}.Release|Android.ActiveCfg = Release|iPhoneSimulator
		{F5478E89-9761-4894-A8C7-B2F27342E404}.Release|Any CPU.ActiveCfg = Release|iPhoneSimulator
		{F5478E89-9761-4894-A8C7-B2F27342E404}.Release|ARM.ActiveCfg = Release|iPhoneSimulator
		{F5478E89-9761-4894-A8C7-B2F27342E404}.Release|ARM64.ActiveCfg = Release|iPhoneSimulator
		{F5478E89-9761-4894-A8C7-B2F27342E404}.Release|iPhone.ActiveCfg = Release|iPhoneSimulator
		{F5478E89-9761-4894-A8C7-B2F27342E404}.Release|iPhoneSimulator.ActiveCfg = Release|iPhoneSimulator
		{F5478E89-9761-4894-A8C7-B2F27342E404}.Release|iPhoneSimulator.Build.0 = Release|iPhoneSimulator
		{F5478E89-9761-4894-A8C7-B2F27342E404}.Release|macOS.ActiveCfg = Release|iPhoneSimulator
		{F5478E89-9761-4894-A8C7-B2F27342E404}.Release|macOS.Build.0 = Release|iPhoneSimulator
		{F5478E89-9761-4894-A8C7-B2F27342E404}.Release|UWP_x64.ActiveCfg = Release|iPhoneSimulator
		{F5478E89-9761-4894-A8C7-B2F27342E404}.Release|x64.ActiveCfg = Release|iPhoneSimulator
		{F5478E89-9761-4894-A8C7-B2F27342E404}.Release|x86.ActiveCfg = Release|iPhoneSimulator
		{07181F38-5FA7-440E-8659-1ACAA34710C7}.Ad-Hoc|Android.ActiveCfg = Debug|Any CPU
		{07181F38-5FA7-440E-8659-1ACAA34710C7}.Ad-Hoc|Android.Build.0 = Debug|Any CPU
		{07181F38-5FA7-440E-8659-1ACAA34710C7}.Ad-Hoc|Any CPU.ActiveCfg = Debug|Any CPU
		{07181F38-5FA7-440E-8659-1ACAA34710C7}.Ad-Hoc|Any CPU.Build.0 = Debug|Any CPU
		{07181F38-5FA7-440E-8659-1ACAA34710C7}.Ad-Hoc|ARM.ActiveCfg = Debug|Any CPU
		{07181F38-5FA7-440E-8659-1ACAA34710C7}.Ad-Hoc|ARM.Build.0 = Debug|Any CPU
		{07181F38-5FA7-440E-8659-1ACAA34710C7}.Ad-Hoc|ARM64.ActiveCfg = Debug|Any CPU
		{07181F38-5FA7-440E-8659-1ACAA34710C7}.Ad-Hoc|ARM64.Build.0 = Debug|Any CPU
		{07181F38-5FA7-440E-8659-1ACAA34710C7}.Ad-Hoc|iPhone.ActiveCfg = Debug|Any CPU
		{07181F38-5FA7-440E-8659-1ACAA34710C7}.Ad-Hoc|iPhone.Build.0 = Debug|Any CPU
		{07181F38-5FA7-440E-8659-1ACAA34710C7}.Ad-Hoc|iPhoneSimulator.ActiveCfg = Debug|Any CPU
		{07181F38-5FA7-440E-8659-1ACAA34710C7}.Ad-Hoc|iPhoneSimulator.Build.0 = Debug|Any CPU
		{07181F38-5FA7-440E-8659-1ACAA34710C7}.Ad-Hoc|macOS.ActiveCfg = Debug|Any CPU
		{07181F38-5FA7-440E-8659-1ACAA34710C7}.Ad-Hoc|macOS.Build.0 = Debug|Any CPU
		{07181F38-5FA7-440E-8659-1ACAA34710C7}.Ad-Hoc|UWP_x64.ActiveCfg = Debug|Any CPU
		{07181F38-5FA7-440E-8659-1ACAA34710C7}.Ad-Hoc|UWP_x64.Build.0 = Debug|Any CPU
		{07181F38-5FA7-440E-8659-1ACAA34710C7}.Ad-Hoc|x64.ActiveCfg = Debug|Any CPU
		{07181F38-5FA7-440E-8659-1ACAA34710C7}.Ad-Hoc|x64.Build.0 = Debug|Any CPU
		{07181F38-5FA7-440E-8659-1ACAA34710C7}.Ad-Hoc|x86.ActiveCfg = Debug|Any CPU
		{07181F38-5FA7-440E-8659-1ACAA34710C7}.Ad-Hoc|x86.Build.0 = Debug|Any CPU
		{07181F38-5FA7-440E-8659-1ACAA34710C7}.AppStore|Android.ActiveCfg = Debug|Any CPU
		{07181F38-5FA7-440E-8659-1ACAA34710C7}.AppStore|Android.Build.0 = Debug|Any CPU
		{07181F38-5FA7-440E-8659-1ACAA34710C7}.AppStore|Any CPU.ActiveCfg = Debug|Any CPU
		{07181F38-5FA7-440E-8659-1ACAA34710C7}.AppStore|Any CPU.Build.0 = Debug|Any CPU
		{07181F38-5FA7-440E-8659-1ACAA34710C7}.AppStore|ARM.ActiveCfg = Debug|Any CPU
		{07181F38-5FA7-440E-8659-1ACAA34710C7}.AppStore|ARM.Build.0 = Debug|Any CPU
		{07181F38-5FA7-440E-8659-1ACAA34710C7}.AppStore|ARM64.ActiveCfg = Debug|Any CPU
		{07181F38-5FA7-440E-8659-1ACAA34710C7}.AppStore|ARM64.Build.0 = Debug|Any CPU
		{07181F38-5FA7-440E-8659-1ACAA34710C7}.AppStore|iPhone.ActiveCfg = Debug|Any CPU
		{07181F38-5FA7-440E-8659-1ACAA34710C7}.AppStore|iPhone.Build.0 = Debug|Any CPU
		{07181F38-5FA7-440E-8659-1ACAA34710C7}.AppStore|iPhoneSimulator.ActiveCfg = Debug|Any CPU
		{07181F38-5FA7-440E-8659-1ACAA34710C7}.AppStore|iPhoneSimulator.Build.0 = Debug|Any CPU
		{07181F38-5FA7-440E-8659-1ACAA34710C7}.AppStore|macOS.ActiveCfg = Debug|Any CPU
		{07181F38-5FA7-440E-8659-1ACAA34710C7}.AppStore|macOS.Build.0 = Debug|Any CPU
		{07181F38-5FA7-440E-8659-1ACAA34710C7}.AppStore|UWP_x64.ActiveCfg = Debug|Any CPU
		{07181F38-5FA7-440E-8659-1ACAA34710C7}.AppStore|UWP_x64.Build.0 = Debug|Any CPU
		{07181F38-5FA7-440E-8659-1ACAA34710C7}.AppStore|x64.ActiveCfg = Debug|Any CPU
		{07181F38-5FA7-440E-8659-1ACAA34710C7}.AppStore|x64.Build.0 = Debug|Any CPU
		{07181F38-5FA7-440E-8659-1ACAA34710C7}.AppStore|x86.ActiveCfg = Debug|Any CPU
		{07181F38-5FA7-440E-8659-1ACAA34710C7}.AppStore|x86.Build.0 = Debug|Any CPU
		{07181F38-5FA7-440E-8659-1ACAA34710C7}.Debug|Android.ActiveCfg = Debug|Any CPU
		{07181F38-5FA7-440E-8659-1ACAA34710C7}.Debug|Android.Build.0 = Debug|Any CPU
		{07181F38-5FA7-440E-8659-1ACAA34710C7}.Debug|Any CPU.ActiveCfg = Debug|Any CPU
		{07181F38-5FA7-440E-8659-1ACAA34710C7}.Debug|Any CPU.Build.0 = Debug|Any CPU
		{07181F38-5FA7-440E-8659-1ACAA34710C7}.Debug|ARM.ActiveCfg = Debug|Any CPU
		{07181F38-5FA7-440E-8659-1ACAA34710C7}.Debug|ARM.Build.0 = Debug|Any CPU
		{07181F38-5FA7-440E-8659-1ACAA34710C7}.Debug|ARM64.ActiveCfg = Debug|Any CPU
		{07181F38-5FA7-440E-8659-1ACAA34710C7}.Debug|ARM64.Build.0 = Debug|Any CPU
		{07181F38-5FA7-440E-8659-1ACAA34710C7}.Debug|iPhone.ActiveCfg = Debug|Any CPU
		{07181F38-5FA7-440E-8659-1ACAA34710C7}.Debug|iPhone.Build.0 = Debug|Any CPU
		{07181F38-5FA7-440E-8659-1ACAA34710C7}.Debug|iPhoneSimulator.ActiveCfg = Debug|Any CPU
		{07181F38-5FA7-440E-8659-1ACAA34710C7}.Debug|iPhoneSimulator.Build.0 = Debug|Any CPU
		{07181F38-5FA7-440E-8659-1ACAA34710C7}.Debug|macOS.ActiveCfg = Debug|Any CPU
		{07181F38-5FA7-440E-8659-1ACAA34710C7}.Debug|macOS.Build.0 = Debug|Any CPU
		{07181F38-5FA7-440E-8659-1ACAA34710C7}.Debug|UWP_x64.ActiveCfg = Debug|Any CPU
		{07181F38-5FA7-440E-8659-1ACAA34710C7}.Debug|UWP_x64.Build.0 = Debug|Any CPU
		{07181F38-5FA7-440E-8659-1ACAA34710C7}.Debug|x64.ActiveCfg = Debug|Any CPU
		{07181F38-5FA7-440E-8659-1ACAA34710C7}.Debug|x64.Build.0 = Debug|Any CPU
		{07181F38-5FA7-440E-8659-1ACAA34710C7}.Debug|x86.ActiveCfg = Debug|Any CPU
		{07181F38-5FA7-440E-8659-1ACAA34710C7}.Debug|x86.Build.0 = Debug|Any CPU
		{07181F38-5FA7-440E-8659-1ACAA34710C7}.Release|Android.ActiveCfg = Release|Any CPU
		{07181F38-5FA7-440E-8659-1ACAA34710C7}.Release|Android.Build.0 = Release|Any CPU
		{07181F38-5FA7-440E-8659-1ACAA34710C7}.Release|Any CPU.ActiveCfg = Release|Any CPU
		{07181F38-5FA7-440E-8659-1ACAA34710C7}.Release|Any CPU.Build.0 = Release|Any CPU
		{07181F38-5FA7-440E-8659-1ACAA34710C7}.Release|ARM.ActiveCfg = Release|Any CPU
		{07181F38-5FA7-440E-8659-1ACAA34710C7}.Release|ARM.Build.0 = Release|Any CPU
		{07181F38-5FA7-440E-8659-1ACAA34710C7}.Release|ARM64.ActiveCfg = Release|Any CPU
		{07181F38-5FA7-440E-8659-1ACAA34710C7}.Release|ARM64.Build.0 = Release|Any CPU
		{07181F38-5FA7-440E-8659-1ACAA34710C7}.Release|iPhone.ActiveCfg = Release|Any CPU
		{07181F38-5FA7-440E-8659-1ACAA34710C7}.Release|iPhone.Build.0 = Release|Any CPU
		{07181F38-5FA7-440E-8659-1ACAA34710C7}.Release|iPhoneSimulator.ActiveCfg = Release|Any CPU
		{07181F38-5FA7-440E-8659-1ACAA34710C7}.Release|iPhoneSimulator.Build.0 = Release|Any CPU
		{07181F38-5FA7-440E-8659-1ACAA34710C7}.Release|macOS.ActiveCfg = Release|Any CPU
		{07181F38-5FA7-440E-8659-1ACAA34710C7}.Release|macOS.Build.0 = Release|Any CPU
		{07181F38-5FA7-440E-8659-1ACAA34710C7}.Release|UWP_x64.ActiveCfg = Release|Any CPU
		{07181F38-5FA7-440E-8659-1ACAA34710C7}.Release|UWP_x64.Build.0 = Release|Any CPU
		{07181F38-5FA7-440E-8659-1ACAA34710C7}.Release|x64.ActiveCfg = Release|Any CPU
		{07181F38-5FA7-440E-8659-1ACAA34710C7}.Release|x64.Build.0 = Release|Any CPU
		{07181F38-5FA7-440E-8659-1ACAA34710C7}.Release|x86.ActiveCfg = Release|Any CPU
		{07181F38-5FA7-440E-8659-1ACAA34710C7}.Release|x86.Build.0 = Release|Any CPU
		{F057D7AA-B11A-463D-A4DD-B613826F06DC}.Ad-Hoc|Android.ActiveCfg = Debug|Any CPU
		{F057D7AA-B11A-463D-A4DD-B613826F06DC}.Ad-Hoc|Android.Build.0 = Debug|Any CPU
		{F057D7AA-B11A-463D-A4DD-B613826F06DC}.Ad-Hoc|Any CPU.ActiveCfg = Debug|Any CPU
		{F057D7AA-B11A-463D-A4DD-B613826F06DC}.Ad-Hoc|Any CPU.Build.0 = Debug|Any CPU
		{F057D7AA-B11A-463D-A4DD-B613826F06DC}.Ad-Hoc|ARM.ActiveCfg = Debug|Any CPU
		{F057D7AA-B11A-463D-A4DD-B613826F06DC}.Ad-Hoc|ARM.Build.0 = Debug|Any CPU
		{F057D7AA-B11A-463D-A4DD-B613826F06DC}.Ad-Hoc|ARM64.ActiveCfg = Debug|Any CPU
		{F057D7AA-B11A-463D-A4DD-B613826F06DC}.Ad-Hoc|ARM64.Build.0 = Debug|Any CPU
		{F057D7AA-B11A-463D-A4DD-B613826F06DC}.Ad-Hoc|iPhone.ActiveCfg = Debug|Any CPU
		{F057D7AA-B11A-463D-A4DD-B613826F06DC}.Ad-Hoc|iPhone.Build.0 = Debug|Any CPU
		{F057D7AA-B11A-463D-A4DD-B613826F06DC}.Ad-Hoc|iPhoneSimulator.ActiveCfg = Debug|Any CPU
		{F057D7AA-B11A-463D-A4DD-B613826F06DC}.Ad-Hoc|iPhoneSimulator.Build.0 = Debug|Any CPU
		{F057D7AA-B11A-463D-A4DD-B613826F06DC}.Ad-Hoc|macOS.ActiveCfg = Debug|Any CPU
		{F057D7AA-B11A-463D-A4DD-B613826F06DC}.Ad-Hoc|macOS.Build.0 = Debug|Any CPU
		{F057D7AA-B11A-463D-A4DD-B613826F06DC}.Ad-Hoc|UWP_x64.ActiveCfg = Debug|Any CPU
		{F057D7AA-B11A-463D-A4DD-B613826F06DC}.Ad-Hoc|UWP_x64.Build.0 = Debug|Any CPU
		{F057D7AA-B11A-463D-A4DD-B613826F06DC}.Ad-Hoc|x64.ActiveCfg = Debug|Any CPU
		{F057D7AA-B11A-463D-A4DD-B613826F06DC}.Ad-Hoc|x64.Build.0 = Debug|Any CPU
		{F057D7AA-B11A-463D-A4DD-B613826F06DC}.Ad-Hoc|x86.ActiveCfg = Debug|Any CPU
		{F057D7AA-B11A-463D-A4DD-B613826F06DC}.Ad-Hoc|x86.Build.0 = Debug|Any CPU
		{F057D7AA-B11A-463D-A4DD-B613826F06DC}.AppStore|Android.ActiveCfg = Debug|Any CPU
		{F057D7AA-B11A-463D-A4DD-B613826F06DC}.AppStore|Android.Build.0 = Debug|Any CPU
		{F057D7AA-B11A-463D-A4DD-B613826F06DC}.AppStore|Any CPU.ActiveCfg = Debug|Any CPU
		{F057D7AA-B11A-463D-A4DD-B613826F06DC}.AppStore|Any CPU.Build.0 = Debug|Any CPU
		{F057D7AA-B11A-463D-A4DD-B613826F06DC}.AppStore|ARM.ActiveCfg = Debug|Any CPU
		{F057D7AA-B11A-463D-A4DD-B613826F06DC}.AppStore|ARM.Build.0 = Debug|Any CPU
		{F057D7AA-B11A-463D-A4DD-B613826F06DC}.AppStore|ARM64.ActiveCfg = Debug|Any CPU
		{F057D7AA-B11A-463D-A4DD-B613826F06DC}.AppStore|ARM64.Build.0 = Debug|Any CPU
		{F057D7AA-B11A-463D-A4DD-B613826F06DC}.AppStore|iPhone.ActiveCfg = Debug|Any CPU
		{F057D7AA-B11A-463D-A4DD-B613826F06DC}.AppStore|iPhone.Build.0 = Debug|Any CPU
		{F057D7AA-B11A-463D-A4DD-B613826F06DC}.AppStore|iPhoneSimulator.ActiveCfg = Debug|Any CPU
		{F057D7AA-B11A-463D-A4DD-B613826F06DC}.AppStore|iPhoneSimulator.Build.0 = Debug|Any CPU
		{F057D7AA-B11A-463D-A4DD-B613826F06DC}.AppStore|macOS.ActiveCfg = Debug|Any CPU
		{F057D7AA-B11A-463D-A4DD-B613826F06DC}.AppStore|macOS.Build.0 = Debug|Any CPU
		{F057D7AA-B11A-463D-A4DD-B613826F06DC}.AppStore|UWP_x64.ActiveCfg = Debug|Any CPU
		{F057D7AA-B11A-463D-A4DD-B613826F06DC}.AppStore|UWP_x64.Build.0 = Debug|Any CPU
		{F057D7AA-B11A-463D-A4DD-B613826F06DC}.AppStore|x64.ActiveCfg = Debug|Any CPU
		{F057D7AA-B11A-463D-A4DD-B613826F06DC}.AppStore|x64.Build.0 = Debug|Any CPU
		{F057D7AA-B11A-463D-A4DD-B613826F06DC}.AppStore|x86.ActiveCfg = Debug|Any CPU
		{F057D7AA-B11A-463D-A4DD-B613826F06DC}.AppStore|x86.Build.0 = Debug|Any CPU
		{F057D7AA-B11A-463D-A4DD-B613826F06DC}.Debug|Android.ActiveCfg = Debug|Any CPU
		{F057D7AA-B11A-463D-A4DD-B613826F06DC}.Debug|Android.Build.0 = Debug|Any CPU
		{F057D7AA-B11A-463D-A4DD-B613826F06DC}.Debug|Any CPU.ActiveCfg = Debug|Any CPU
		{F057D7AA-B11A-463D-A4DD-B613826F06DC}.Debug|Any CPU.Build.0 = Debug|Any CPU
		{F057D7AA-B11A-463D-A4DD-B613826F06DC}.Debug|ARM.ActiveCfg = Debug|Any CPU
		{F057D7AA-B11A-463D-A4DD-B613826F06DC}.Debug|ARM.Build.0 = Debug|Any CPU
		{F057D7AA-B11A-463D-A4DD-B613826F06DC}.Debug|ARM64.ActiveCfg = Debug|Any CPU
		{F057D7AA-B11A-463D-A4DD-B613826F06DC}.Debug|ARM64.Build.0 = Debug|Any CPU
		{F057D7AA-B11A-463D-A4DD-B613826F06DC}.Debug|iPhone.ActiveCfg = Debug|Any CPU
		{F057D7AA-B11A-463D-A4DD-B613826F06DC}.Debug|iPhone.Build.0 = Debug|Any CPU
		{F057D7AA-B11A-463D-A4DD-B613826F06DC}.Debug|iPhoneSimulator.ActiveCfg = Debug|Any CPU
		{F057D7AA-B11A-463D-A4DD-B613826F06DC}.Debug|iPhoneSimulator.Build.0 = Debug|Any CPU
		{F057D7AA-B11A-463D-A4DD-B613826F06DC}.Debug|macOS.ActiveCfg = Debug|Any CPU
		{F057D7AA-B11A-463D-A4DD-B613826F06DC}.Debug|macOS.Build.0 = Debug|Any CPU
		{F057D7AA-B11A-463D-A4DD-B613826F06DC}.Debug|UWP_x64.ActiveCfg = Debug|Any CPU
		{F057D7AA-B11A-463D-A4DD-B613826F06DC}.Debug|UWP_x64.Build.0 = Debug|Any CPU
		{F057D7AA-B11A-463D-A4DD-B613826F06DC}.Debug|x64.ActiveCfg = Debug|Any CPU
		{F057D7AA-B11A-463D-A4DD-B613826F06DC}.Debug|x64.Build.0 = Debug|Any CPU
		{F057D7AA-B11A-463D-A4DD-B613826F06DC}.Debug|x86.ActiveCfg = Debug|Any CPU
		{F057D7AA-B11A-463D-A4DD-B613826F06DC}.Debug|x86.Build.0 = Debug|Any CPU
		{F057D7AA-B11A-463D-A4DD-B613826F06DC}.Release|Android.ActiveCfg = Release|Any CPU
		{F057D7AA-B11A-463D-A4DD-B613826F06DC}.Release|Android.Build.0 = Release|Any CPU
		{F057D7AA-B11A-463D-A4DD-B613826F06DC}.Release|Any CPU.ActiveCfg = Release|Any CPU
		{F057D7AA-B11A-463D-A4DD-B613826F06DC}.Release|Any CPU.Build.0 = Release|Any CPU
		{F057D7AA-B11A-463D-A4DD-B613826F06DC}.Release|ARM.ActiveCfg = Release|Any CPU
		{F057D7AA-B11A-463D-A4DD-B613826F06DC}.Release|ARM.Build.0 = Release|Any CPU
		{F057D7AA-B11A-463D-A4DD-B613826F06DC}.Release|ARM64.ActiveCfg = Release|Any CPU
		{F057D7AA-B11A-463D-A4DD-B613826F06DC}.Release|ARM64.Build.0 = Release|Any CPU
		{F057D7AA-B11A-463D-A4DD-B613826F06DC}.Release|iPhone.ActiveCfg = Release|Any CPU
		{F057D7AA-B11A-463D-A4DD-B613826F06DC}.Release|iPhone.Build.0 = Release|Any CPU
		{F057D7AA-B11A-463D-A4DD-B613826F06DC}.Release|iPhoneSimulator.ActiveCfg = Release|Any CPU
		{F057D7AA-B11A-463D-A4DD-B613826F06DC}.Release|iPhoneSimulator.Build.0 = Release|Any CPU
		{F057D7AA-B11A-463D-A4DD-B613826F06DC}.Release|macOS.ActiveCfg = Release|Any CPU
		{F057D7AA-B11A-463D-A4DD-B613826F06DC}.Release|macOS.Build.0 = Release|Any CPU
		{F057D7AA-B11A-463D-A4DD-B613826F06DC}.Release|UWP_x64.ActiveCfg = Release|Any CPU
		{F057D7AA-B11A-463D-A4DD-B613826F06DC}.Release|UWP_x64.Build.0 = Release|Any CPU
		{F057D7AA-B11A-463D-A4DD-B613826F06DC}.Release|x64.ActiveCfg = Release|Any CPU
		{F057D7AA-B11A-463D-A4DD-B613826F06DC}.Release|x64.Build.0 = Release|Any CPU
		{F057D7AA-B11A-463D-A4DD-B613826F06DC}.Release|x86.ActiveCfg = Release|Any CPU
		{F057D7AA-B11A-463D-A4DD-B613826F06DC}.Release|x86.Build.0 = Release|Any CPU
		{56090A6B-4B92-4704-AC1A-B365408BCAAA}.Ad-Hoc|Android.ActiveCfg = Debug|Any CPU
		{56090A6B-4B92-4704-AC1A-B365408BCAAA}.Ad-Hoc|Android.Build.0 = Debug|Any CPU
		{56090A6B-4B92-4704-AC1A-B365408BCAAA}.Ad-Hoc|Any CPU.ActiveCfg = Debug|Any CPU
		{56090A6B-4B92-4704-AC1A-B365408BCAAA}.Ad-Hoc|Any CPU.Build.0 = Debug|Any CPU
		{56090A6B-4B92-4704-AC1A-B365408BCAAA}.Ad-Hoc|ARM.ActiveCfg = Debug|Any CPU
		{56090A6B-4B92-4704-AC1A-B365408BCAAA}.Ad-Hoc|ARM.Build.0 = Debug|Any CPU
		{56090A6B-4B92-4704-AC1A-B365408BCAAA}.Ad-Hoc|ARM64.ActiveCfg = Debug|Any CPU
		{56090A6B-4B92-4704-AC1A-B365408BCAAA}.Ad-Hoc|ARM64.Build.0 = Debug|Any CPU
		{56090A6B-4B92-4704-AC1A-B365408BCAAA}.Ad-Hoc|iPhone.ActiveCfg = Debug|Any CPU
		{56090A6B-4B92-4704-AC1A-B365408BCAAA}.Ad-Hoc|iPhone.Build.0 = Debug|Any CPU
		{56090A6B-4B92-4704-AC1A-B365408BCAAA}.Ad-Hoc|iPhoneSimulator.ActiveCfg = Debug|Any CPU
		{56090A6B-4B92-4704-AC1A-B365408BCAAA}.Ad-Hoc|iPhoneSimulator.Build.0 = Debug|Any CPU
		{56090A6B-4B92-4704-AC1A-B365408BCAAA}.Ad-Hoc|macOS.ActiveCfg = Debug|Any CPU
		{56090A6B-4B92-4704-AC1A-B365408BCAAA}.Ad-Hoc|macOS.Build.0 = Debug|Any CPU
		{56090A6B-4B92-4704-AC1A-B365408BCAAA}.Ad-Hoc|UWP_x64.ActiveCfg = Debug|Any CPU
		{56090A6B-4B92-4704-AC1A-B365408BCAAA}.Ad-Hoc|UWP_x64.Build.0 = Debug|Any CPU
		{56090A6B-4B92-4704-AC1A-B365408BCAAA}.Ad-Hoc|x64.ActiveCfg = Debug|Any CPU
		{56090A6B-4B92-4704-AC1A-B365408BCAAA}.Ad-Hoc|x64.Build.0 = Debug|Any CPU
		{56090A6B-4B92-4704-AC1A-B365408BCAAA}.Ad-Hoc|x86.ActiveCfg = Debug|Any CPU
		{56090A6B-4B92-4704-AC1A-B365408BCAAA}.Ad-Hoc|x86.Build.0 = Debug|Any CPU
		{56090A6B-4B92-4704-AC1A-B365408BCAAA}.AppStore|Android.ActiveCfg = Debug|Any CPU
		{56090A6B-4B92-4704-AC1A-B365408BCAAA}.AppStore|Android.Build.0 = Debug|Any CPU
		{56090A6B-4B92-4704-AC1A-B365408BCAAA}.AppStore|Any CPU.ActiveCfg = Debug|Any CPU
		{56090A6B-4B92-4704-AC1A-B365408BCAAA}.AppStore|Any CPU.Build.0 = Debug|Any CPU
		{56090A6B-4B92-4704-AC1A-B365408BCAAA}.AppStore|ARM.ActiveCfg = Debug|Any CPU
		{56090A6B-4B92-4704-AC1A-B365408BCAAA}.AppStore|ARM.Build.0 = Debug|Any CPU
		{56090A6B-4B92-4704-AC1A-B365408BCAAA}.AppStore|ARM64.ActiveCfg = Debug|Any CPU
		{56090A6B-4B92-4704-AC1A-B365408BCAAA}.AppStore|ARM64.Build.0 = Debug|Any CPU
		{56090A6B-4B92-4704-AC1A-B365408BCAAA}.AppStore|iPhone.ActiveCfg = Debug|Any CPU
		{56090A6B-4B92-4704-AC1A-B365408BCAAA}.AppStore|iPhone.Build.0 = Debug|Any CPU
		{56090A6B-4B92-4704-AC1A-B365408BCAAA}.AppStore|iPhoneSimulator.ActiveCfg = Debug|Any CPU
		{56090A6B-4B92-4704-AC1A-B365408BCAAA}.AppStore|iPhoneSimulator.Build.0 = Debug|Any CPU
		{56090A6B-4B92-4704-AC1A-B365408BCAAA}.AppStore|macOS.ActiveCfg = Debug|Any CPU
		{56090A6B-4B92-4704-AC1A-B365408BCAAA}.AppStore|macOS.Build.0 = Debug|Any CPU
		{56090A6B-4B92-4704-AC1A-B365408BCAAA}.AppStore|UWP_x64.ActiveCfg = Debug|Any CPU
		{56090A6B-4B92-4704-AC1A-B365408BCAAA}.AppStore|UWP_x64.Build.0 = Debug|Any CPU
		{56090A6B-4B92-4704-AC1A-B365408BCAAA}.AppStore|x64.ActiveCfg = Debug|Any CPU
		{56090A6B-4B92-4704-AC1A-B365408BCAAA}.AppStore|x64.Build.0 = Debug|Any CPU
		{56090A6B-4B92-4704-AC1A-B365408BCAAA}.AppStore|x86.ActiveCfg = Debug|Any CPU
		{56090A6B-4B92-4704-AC1A-B365408BCAAA}.AppStore|x86.Build.0 = Debug|Any CPU
		{56090A6B-4B92-4704-AC1A-B365408BCAAA}.Debug|Android.ActiveCfg = Debug|Any CPU
		{56090A6B-4B92-4704-AC1A-B365408BCAAA}.Debug|Android.Build.0 = Debug|Any CPU
		{56090A6B-4B92-4704-AC1A-B365408BCAAA}.Debug|Any CPU.ActiveCfg = Debug|Any CPU
		{56090A6B-4B92-4704-AC1A-B365408BCAAA}.Debug|Any CPU.Build.0 = Debug|Any CPU
		{56090A6B-4B92-4704-AC1A-B365408BCAAA}.Debug|Any CPU.Deploy.0 = Debug|Any CPU
		{56090A6B-4B92-4704-AC1A-B365408BCAAA}.Debug|ARM.ActiveCfg = Debug|Any CPU
		{56090A6B-4B92-4704-AC1A-B365408BCAAA}.Debug|ARM.Build.0 = Debug|Any CPU
		{56090A6B-4B92-4704-AC1A-B365408BCAAA}.Debug|ARM64.ActiveCfg = Debug|Any CPU
		{56090A6B-4B92-4704-AC1A-B365408BCAAA}.Debug|ARM64.Build.0 = Debug|Any CPU
		{56090A6B-4B92-4704-AC1A-B365408BCAAA}.Debug|iPhone.ActiveCfg = Debug|Any CPU
		{56090A6B-4B92-4704-AC1A-B365408BCAAA}.Debug|iPhone.Build.0 = Debug|Any CPU
		{56090A6B-4B92-4704-AC1A-B365408BCAAA}.Debug|iPhoneSimulator.ActiveCfg = Debug|Any CPU
		{56090A6B-4B92-4704-AC1A-B365408BCAAA}.Debug|iPhoneSimulator.Build.0 = Debug|Any CPU
		{56090A6B-4B92-4704-AC1A-B365408BCAAA}.Debug|macOS.ActiveCfg = Debug|Any CPU
		{56090A6B-4B92-4704-AC1A-B365408BCAAA}.Debug|macOS.Build.0 = Debug|Any CPU
		{56090A6B-4B92-4704-AC1A-B365408BCAAA}.Debug|UWP_x64.ActiveCfg = Debug|Any CPU
		{56090A6B-4B92-4704-AC1A-B365408BCAAA}.Debug|UWP_x64.Build.0 = Debug|Any CPU
		{56090A6B-4B92-4704-AC1A-B365408BCAAA}.Debug|x64.ActiveCfg = Debug|Any CPU
		{56090A6B-4B92-4704-AC1A-B365408BCAAA}.Debug|x64.Build.0 = Debug|Any CPU
		{56090A6B-4B92-4704-AC1A-B365408BCAAA}.Debug|x86.ActiveCfg = Debug|Any CPU
		{56090A6B-4B92-4704-AC1A-B365408BCAAA}.Debug|x86.Build.0 = Debug|Any CPU
		{56090A6B-4B92-4704-AC1A-B365408BCAAA}.Release|Android.ActiveCfg = Release|Any CPU
		{56090A6B-4B92-4704-AC1A-B365408BCAAA}.Release|Android.Build.0 = Release|Any CPU
		{56090A6B-4B92-4704-AC1A-B365408BCAAA}.Release|Any CPU.ActiveCfg = Release|Any CPU
		{56090A6B-4B92-4704-AC1A-B365408BCAAA}.Release|Any CPU.Build.0 = Release|Any CPU
		{56090A6B-4B92-4704-AC1A-B365408BCAAA}.Release|ARM.ActiveCfg = Release|Any CPU
		{56090A6B-4B92-4704-AC1A-B365408BCAAA}.Release|ARM.Build.0 = Release|Any CPU
		{56090A6B-4B92-4704-AC1A-B365408BCAAA}.Release|ARM64.ActiveCfg = Release|Any CPU
		{56090A6B-4B92-4704-AC1A-B365408BCAAA}.Release|ARM64.Build.0 = Release|Any CPU
		{56090A6B-4B92-4704-AC1A-B365408BCAAA}.Release|iPhone.ActiveCfg = Release|Any CPU
		{56090A6B-4B92-4704-AC1A-B365408BCAAA}.Release|iPhone.Build.0 = Release|Any CPU
		{56090A6B-4B92-4704-AC1A-B365408BCAAA}.Release|iPhoneSimulator.ActiveCfg = Release|Any CPU
		{56090A6B-4B92-4704-AC1A-B365408BCAAA}.Release|iPhoneSimulator.Build.0 = Release|Any CPU
		{56090A6B-4B92-4704-AC1A-B365408BCAAA}.Release|macOS.ActiveCfg = Release|Any CPU
		{56090A6B-4B92-4704-AC1A-B365408BCAAA}.Release|macOS.Build.0 = Release|Any CPU
		{56090A6B-4B92-4704-AC1A-B365408BCAAA}.Release|UWP_x64.ActiveCfg = Release|Any CPU
		{56090A6B-4B92-4704-AC1A-B365408BCAAA}.Release|UWP_x64.Build.0 = Release|Any CPU
		{56090A6B-4B92-4704-AC1A-B365408BCAAA}.Release|x64.ActiveCfg = Release|Any CPU
		{56090A6B-4B92-4704-AC1A-B365408BCAAA}.Release|x64.Build.0 = Release|Any CPU
		{56090A6B-4B92-4704-AC1A-B365408BCAAA}.Release|x86.ActiveCfg = Release|Any CPU
		{56090A6B-4B92-4704-AC1A-B365408BCAAA}.Release|x86.Build.0 = Release|Any CPU
	EndGlobalSection
	GlobalSection(SolutionProperties) = preSolution
		HideSolutionNode = FALSE
	EndGlobalSection
	GlobalSection(ExtensibilityGlobals) = postSolution
		SolutionGuid = {B33ECC8D-1B77-4BF0-9D62-028E5EEF7C49}
	EndGlobalSection
	GlobalSection(SharedMSBuildProjectFiles) = preSolution
		Uno.Gallery\Uno.Gallery.Shared\Uno.Gallery.Shared.projitems*{07181f38-5fa7-440e-8659-1acaa34710c7}*SharedItemsImports = 5
		Uno.Gallery\Uno.Gallery.Shared\Uno.Gallery.Shared.projitems*{41aa73d1-1930-4bf2-9154-7be5f6974333}*SharedItemsImports = 4
		Uno.Gallery\Uno.Gallery.Shared\Uno.Gallery.Shared.projitems*{49d3caa2-546e-4e7a-be97-2b01b04db462}*SharedItemsImports = 5
		Uno.Gallery\Uno.Gallery.Shared\Uno.Gallery.Shared.projitems*{56090a6b-4b92-4704-ac1a-b365408bcaaa}*SharedItemsImports = 5
		Uno.Gallery\Uno.Gallery.Shared\Uno.Gallery.Shared.projitems*{6279c845-92f8-4333-ab99-3d213163593c}*SharedItemsImports = 13
		Uno.Gallery\Uno.Gallery.Shared\Uno.Gallery.Shared.projitems*{b4470685-43a9-4cbd-88c8-c16675042d53}*SharedItemsImports = 4
		Uno.Gallery\Uno.Gallery.Shared\Uno.Gallery.Shared.projitems*{ef1962dd-f6ff-46a1-b846-be4a1ffde32b}*SharedItemsImports = 4
		Uno.Gallery\Uno.Gallery.Shared\Uno.Gallery.Shared.projitems*{f5478e89-9761-4894-a8c7-b2f27342e404}*SharedItemsImports = 4
	EndGlobalSection
EndGlobal
